
Microsoft Visual Studio Solution File, Format Version 12.00
# Visual Studio Version 16
VisualStudioVersion = 16.0.30204.135
MinimumVisualStudioVersion = 10.0.40219.1
Project("{2150E333-8FDC-42A3-9474-1A3956D46DE8}") = "Services", "Services", "{35C56D7F-03F5-4147-9BAD-5EB79CF62876}"
EndProject
Project("{FAE04EC0-301F-11D3-BF4B-00C04F79EFBC}") = "KFA.WebAPI.Users", "KFA.WebAPI.Users\KFA.WebAPI.Users.csproj", "{87223ED6-D861-4C28-8FA1-88A34051EE2C}"
EndProject
Project("{2150E333-8FDC-42A3-9474-1A3956D46DE8}") = "BuildingBlocks", "BuildingBlocks", "{83DFBFE8-382A-4B80-AF84-449344FEEA71}"
EndProject
Project("{FAE04EC0-301F-11D3-BF4B-00C04F79EFBC}") = "KFA.WebAPI.Common", "KFA.WebAPI.Common\KFA.WebAPI.Common.csproj", "{81336B0B-1D64-4C9D-8740-10C9E625D5D0}"
EndProject
Global
	GlobalSection(SolutionConfigurationPlatforms) = preSolution
		Debug|Any CPU = Debug|Any CPU
		Release|Any CPU = Release|Any CPU
	EndGlobalSection
	GlobalSection(ProjectConfigurationPlatforms) = postSolution
		{87223ED6-D861-4C28-8FA1-88A34051EE2C}.Debug|Any CPU.ActiveCfg = Debug|Any CPU
		{87223ED6-D861-4C28-8FA1-88A34051EE2C}.Debug|Any CPU.Build.0 = Debug|Any CPU
		{87223ED6-D861-4C28-8FA1-88A34051EE2C}.Release|Any CPU.ActiveCfg = Release|Any CPU
		{87223ED6-D861-4C28-8FA1-88A34051EE2C}.Release|Any CPU.Build.0 = Release|Any CPU
		{81336B0B-1D64-4C9D-8740-10C9E625D5D0}.Debug|Any CPU.ActiveCfg = Debug|Any CPU
		{81336B0B-1D64-4C9D-8740-10C9E625D5D0}.Debug|Any CPU.Build.0 = Debug|Any CPU
		{81336B0B-1D64-4C9D-8740-10C9E625D5D0}.Release|Any CPU.ActiveCfg = Release|Any CPU
		{81336B0B-1D64-4C9D-8740-10C9E625D5D0}.Release|Any CPU.Build.0 = Release|Any CPU
	EndGlobalSection
	GlobalSection(SolutionProperties) = preSolution
		HideSolutionNode = FALSE
	EndGlobalSection
	GlobalSection(NestedProjects) = preSolution
		{87223ED6-D861-4C28-8FA1-88A34051EE2C} = {35C56D7F-03F5-4147-9BAD-5EB79CF62876}
		{81336B0B-1D64-4C9D-8740-10C9E625D5D0} = {83DFBFE8-382A-4B80-AF84-449344FEEA71}
	EndGlobalSection
	GlobalSection(ExtensibilityGlobals) = postSolution
		SolutionGuid = {64732108-B98F-4333-A60D-B04B5C39F235}
	EndGlobalSection
EndGlobal
