
Microsoft Visual Studio Solution File, Format Version 12.00
# Visual Studio 15
VisualStudioVersion = 15.0.28307.705
MinimumVisualStudioVersion = 10.0.40219.1
Project("{2150E333-8FDC-42A3-9474-1A3956D46DE8}") = "src", "src", "{5C83ADF0-2327-4427-A8D5-A7CA96FD2F33}"
EndProject
Project("{2150E333-8FDC-42A3-9474-1A3956D46DE8}") = "Services", "Services", "{84B19917-E496-4C53-9BC6-4528801106D7}"
EndProject
Project("{2150E333-8FDC-42A3-9474-1A3956D46DE8}") = "User", "User", "{EC64A79F-B132-4279-B4CB-5DEDD3A1D0DF}"
EndProject
Project("{9A19103F-16F7-4668-BE54-9A1E7A4F7556}") = "User.API", "User.API\User.API.csproj", "{AF0037C9-BBB6-477E-BD51-06CFC086F76A}"
EndProject
Project("{2150E333-8FDC-42A3-9474-1A3956D46DE8}") = "Identity", "Identity", "{47A1C428-2C6D-4311-93D0-6779CCC81BDB}"
EndProject
Project("{9A19103F-16F7-4668-BE54-9A1E7A4F7556}") = "DemoProject", "DemoProject\DemoProject.csproj", "{72FD407D-3727-4F9D-84AC-B2F8B80B9047}"
EndProject
Project("{9A19103F-16F7-4668-BE54-9A1E7A4F7556}") = "User.Domain", "User.Domain\User.Domain.csproj", "{76026862-7BE5-40C0-A7DF-5BEAB02899AA}"
EndProject
Project("{9A19103F-16F7-4668-BE54-9A1E7A4F7556}") = "User.Common", "User.Common\User.Common.csproj", "{48A41FE3-BAB0-4BBF-A078-85F361316521}"
EndProject
Project("{9A19103F-16F7-4668-BE54-9A1E7A4F7556}") = "User.BussinessLayer", "User.BussinessLayer\User.BussinessLayer.csproj", "{A229DA5C-8A1F-44CB-93D0-2959139F34AC}"
EndProject
Project("{9A19103F-16F7-4668-BE54-9A1E7A4F7556}") = "Identity.API", "Identity.API\Identity.API.csproj", "{D5867044-B116-4D80-950C-D41CE6E16214}"
EndProject
Project("{FAE04EC0-301F-11D3-BF4B-00C04F79EFBC}") = "DemoConsoleApp", "DemoConsoleApp\DemoConsoleApp.csproj", "{CBB9D048-68BC-41F5-9442-C13E833A7240}"
EndProject
Global
	GlobalSection(SolutionConfigurationPlatforms) = preSolution
		Debug|Any CPU = Debug|Any CPU
		Release|Any CPU = Release|Any CPU
	EndGlobalSection
	GlobalSection(ProjectConfigurationPlatforms) = postSolution
		{AF0037C9-BBB6-477E-BD51-06CFC086F76A}.Debug|Any CPU.ActiveCfg = Debug|Any CPU
		{AF0037C9-BBB6-477E-BD51-06CFC086F76A}.Debug|Any CPU.Build.0 = Debug|Any CPU
		{AF0037C9-BBB6-477E-BD51-06CFC086F76A}.Release|Any CPU.ActiveCfg = Release|Any CPU
		{AF0037C9-BBB6-477E-BD51-06CFC086F76A}.Release|Any CPU.Build.0 = Release|Any CPU
		{72FD407D-3727-4F9D-84AC-B2F8B80B9047}.Debug|Any CPU.ActiveCfg = Debug|Any CPU
		{72FD407D-3727-4F9D-84AC-B2F8B80B9047}.Debug|Any CPU.Build.0 = Debug|Any CPU
		{72FD407D-3727-4F9D-84AC-B2F8B80B9047}.Release|Any CPU.ActiveCfg = Release|Any CPU
		{72FD407D-3727-4F9D-84AC-B2F8B80B9047}.Release|Any CPU.Build.0 = Release|Any CPU
		{76026862-7BE5-40C0-A7DF-5BEAB02899AA}.Debug|Any CPU.ActiveCfg = Debug|Any CPU
		{76026862-7BE5-40C0-A7DF-5BEAB02899AA}.Debug|Any CPU.Build.0 = Debug|Any CPU
		{76026862-7BE5-40C0-A7DF-5BEAB02899AA}.Release|Any CPU.ActiveCfg = Release|Any CPU
		{76026862-7BE5-40C0-A7DF-5BEAB02899AA}.Release|Any CPU.Build.0 = Release|Any CPU
		{48A41FE3-BAB0-4BBF-A078-85F361316521}.Debug|Any CPU.ActiveCfg = Debug|Any CPU
		{48A41FE3-BAB0-4BBF-A078-85F361316521}.Debug|Any CPU.Build.0 = Debug|Any CPU
		{48A41FE3-BAB0-4BBF-A078-85F361316521}.Release|Any CPU.ActiveCfg = Release|Any CPU
		{48A41FE3-BAB0-4BBF-A078-85F361316521}.Release|Any CPU.Build.0 = Release|Any CPU
		{A229DA5C-8A1F-44CB-93D0-2959139F34AC}.Debug|Any CPU.ActiveCfg = Debug|Any CPU
		{A229DA5C-8A1F-44CB-93D0-2959139F34AC}.Debug|Any CPU.Build.0 = Debug|Any CPU
		{A229DA5C-8A1F-44CB-93D0-2959139F34AC}.Release|Any CPU.ActiveCfg = Release|Any CPU
		{A229DA5C-8A1F-44CB-93D0-2959139F34AC}.Release|Any CPU.Build.0 = Release|Any CPU
		{D5867044-B116-4D80-950C-D41CE6E16214}.Debug|Any CPU.ActiveCfg = Debug|Any CPU
		{D5867044-B116-4D80-950C-D41CE6E16214}.Debug|Any CPU.Build.0 = Debug|Any CPU
		{D5867044-B116-4D80-950C-D41CE6E16214}.Release|Any CPU.ActiveCfg = Release|Any CPU
		{D5867044-B116-4D80-950C-D41CE6E16214}.Release|Any CPU.Build.0 = Release|Any CPU
		{CBB9D048-68BC-41F5-9442-C13E833A7240}.Debug|Any CPU.ActiveCfg = Debug|Any CPU
		{CBB9D048-68BC-41F5-9442-C13E833A7240}.Debug|Any CPU.Build.0 = Debug|Any CPU
		{CBB9D048-68BC-41F5-9442-C13E833A7240}.Release|Any CPU.ActiveCfg = Release|Any CPU
		{CBB9D048-68BC-41F5-9442-C13E833A7240}.Release|Any CPU.Build.0 = Release|Any CPU
	EndGlobalSection
	GlobalSection(SolutionProperties) = preSolution
		HideSolutionNode = FALSE
	EndGlobalSection
	GlobalSection(NestedProjects) = preSolution
		{84B19917-E496-4C53-9BC6-4528801106D7} = {5C83ADF0-2327-4427-A8D5-A7CA96FD2F33}
		{EC64A79F-B132-4279-B4CB-5DEDD3A1D0DF} = {84B19917-E496-4C53-9BC6-4528801106D7}
		{AF0037C9-BBB6-477E-BD51-06CFC086F76A} = {EC64A79F-B132-4279-B4CB-5DEDD3A1D0DF}
		{47A1C428-2C6D-4311-93D0-6779CCC81BDB} = {84B19917-E496-4C53-9BC6-4528801106D7}
		{72FD407D-3727-4F9D-84AC-B2F8B80B9047} = {84B19917-E496-4C53-9BC6-4528801106D7}
		{76026862-7BE5-40C0-A7DF-5BEAB02899AA} = {EC64A79F-B132-4279-B4CB-5DEDD3A1D0DF}
		{48A41FE3-BAB0-4BBF-A078-85F361316521} = {EC64A79F-B132-4279-B4CB-5DEDD3A1D0DF}
		{A229DA5C-8A1F-44CB-93D0-2959139F34AC} = {EC64A79F-B132-4279-B4CB-5DEDD3A1D0DF}
		{D5867044-B116-4D80-950C-D41CE6E16214} = {47A1C428-2C6D-4311-93D0-6779CCC81BDB}
		{CBB9D048-68BC-41F5-9442-C13E833A7240} = {84B19917-E496-4C53-9BC6-4528801106D7}
	EndGlobalSection
	GlobalSection(ExtensibilityGlobals) = postSolution
		SolutionGuid = {777CB0CE-D373-4933-90D1-BCF0FB937C0C}
	EndGlobalSection
EndGlobal
